{
  "name": "nackowski",
  "version": "1.0.0",
  "lockfileVersion": 1,
  "requires": true,
  "dependencies": {
    "gijgo": {
      "version": "1.9.10",
      "resolved": "https://registry.npmjs.org/gijgo/-/gijgo-1.9.10.tgz",
      "integrity": "sha512-RBX8uF4OVlVtyBcWbf+OWlw4xDtnG9TKgxf72gZNYH3P0Q4BOdaPGXiB10Ro6ZofExoMq/WdmKpboQ9QdM8yMA==",
      "requires": {
        "jquery": "^3.2.1"
      }
    },
    "jquery": {
      "version": "3.3.1",
      "resolved": "https://registry.npmjs.org/jquery/-/jquery-3.3.1.tgz",
      "integrity": "sha512-Ubldcmxp5np52/ENotGxlLe6aGMvmF4R8S6tZjsP6Knsaxd/xp3Zrh50cG93lR6nPXyUFwzN3ZSOQI0wRJNdGg=="
    }
  }
}
